
Microsoft Visual Studio Solution File, Format Version 12.00
# Visual Studio Version 16
VisualStudioVersion = 16.0.29911.84
MinimumVisualStudioVersion = 10.0.40219.1
Project("{9A19103F-16F7-4668-BE54-9A1E7A4F7556}") = "LuckStack", "LuckStack\LuckStack.csproj", "{119AA494-62B3-44A6-A3EF-AC87EB9E6C9A}"
EndProject
Project("{9A19103F-16F7-4668-BE54-9A1E7A4F7556}") = "Entity", "Entity\Entity.csproj", "{C3EAF366-E910-419C-ABDB-7EE58F7211B9}"
EndProject
Project("{9A19103F-16F7-4668-BE54-9A1E7A4F7556}") = "HomeWork", "HomeWork\HomeWork.csproj", "{5E80B310-116E-4BB4-9E59-8F789EE60BA9}"
EndProject
Project("{9A19103F-16F7-4668-BE54-9A1E7A4F7556}") = "Practice", "Practice\Practice.csproj", "{824D12DC-403E-49D9-B61D-E27022D3B941}"
EndProject
Project("{FAE04EC0-301F-11D3-BF4B-00C04F79EFBC}") = "VerificationCode", "VerificationCode\VerificationCode.csproj", "{6AC0DF05-0A76-4B35-B549-A8CAA5B27E1B}"
EndProject
Project("{FAE04EC0-301F-11D3-BF4B-00C04F79EFBC}") = "17bangqianduan", "17bangqianduan\17bangqianduan.csproj", "{12B2ADF5-64D0-43C0-A466-C5EA5820E0DE}"
EndProject
Global
	GlobalSection(SolutionConfigurationPlatforms) = preSolution
		Debug|Any CPU = Debug|Any CPU
		Release|Any CPU = Release|Any CPU
	EndGlobalSection
	GlobalSection(ProjectConfigurationPlatforms) = postSolution
		{119AA494-62B3-44A6-A3EF-AC87EB9E6C9A}.Debug|Any CPU.ActiveCfg = Debug|Any CPU
		{119AA494-62B3-44A6-A3EF-AC87EB9E6C9A}.Debug|Any CPU.Build.0 = Debug|Any CPU
		{119AA494-62B3-44A6-A3EF-AC87EB9E6C9A}.Release|Any CPU.ActiveCfg = Release|Any CPU
		{119AA494-62B3-44A6-A3EF-AC87EB9E6C9A}.Release|Any CPU.Build.0 = Release|Any CPU
		{C3EAF366-E910-419C-ABDB-7EE58F7211B9}.Debug|Any CPU.ActiveCfg = Debug|Any CPU
		{C3EAF366-E910-419C-ABDB-7EE58F7211B9}.Debug|Any CPU.Build.0 = Debug|Any CPU
		{C3EAF366-E910-419C-ABDB-7EE58F7211B9}.Release|Any CPU.ActiveCfg = Release|Any CPU
		{C3EAF366-E910-419C-ABDB-7EE58F7211B9}.Release|Any CPU.Build.0 = Release|Any CPU
		{5E80B310-116E-4BB4-9E59-8F789EE60BA9}.Debug|Any CPU.ActiveCfg = Debug|Any CPU
		{5E80B310-116E-4BB4-9E59-8F789EE60BA9}.Debug|Any CPU.Build.0 = Debug|Any CPU
		{5E80B310-116E-4BB4-9E59-8F789EE60BA9}.Release|Any CPU.ActiveCfg = Release|Any CPU
		{5E80B310-116E-4BB4-9E59-8F789EE60BA9}.Release|Any CPU.Build.0 = Release|Any CPU
		{824D12DC-403E-49D9-B61D-E27022D3B941}.Debug|Any CPU.ActiveCfg = Debug|Any CPU
		{824D12DC-403E-49D9-B61D-E27022D3B941}.Debug|Any CPU.Build.0 = Debug|Any CPU
		{824D12DC-403E-49D9-B61D-E27022D3B941}.Release|Any CPU.ActiveCfg = Release|Any CPU
		{824D12DC-403E-49D9-B61D-E27022D3B941}.Release|Any CPU.Build.0 = Release|Any CPU
		{6AC0DF05-0A76-4B35-B549-A8CAA5B27E1B}.Debug|Any CPU.ActiveCfg = Debug|Any CPU
		{6AC0DF05-0A76-4B35-B549-A8CAA5B27E1B}.Debug|Any CPU.Build.0 = Debug|Any CPU
		{6AC0DF05-0A76-4B35-B549-A8CAA5B27E1B}.Release|Any CPU.ActiveCfg = Release|Any CPU
		{6AC0DF05-0A76-4B35-B549-A8CAA5B27E1B}.Release|Any CPU.Build.0 = Release|Any CPU
		{12B2ADF5-64D0-43C0-A466-C5EA5820E0DE}.Debug|Any CPU.ActiveCfg = Debug|Any CPU
		{12B2ADF5-64D0-43C0-A466-C5EA5820E0DE}.Debug|Any CPU.Build.0 = Debug|Any CPU
		{12B2ADF5-64D0-43C0-A466-C5EA5820E0DE}.Release|Any CPU.ActiveCfg = Release|Any CPU
		{12B2ADF5-64D0-43C0-A466-C5EA5820E0DE}.Release|Any CPU.Build.0 = Release|Any CPU
	EndGlobalSection
	GlobalSection(SolutionProperties) = preSolution
		HideSolutionNode = FALSE
	EndGlobalSection
	GlobalSection(ExtensibilityGlobals) = postSolution
		SolutionGuid = {4203DBC5-E9C0-4842-B9EF-19347D4653E7}
	EndGlobalSection
EndGlobal
